<?xml version="1.0" encoding="utf-8"?>
<Project ToolsVersion="4.0" xmlns="http://schemas.microsoft.com/developer/msbuild/2003">
  <ItemGroup>
    <Filter Include="소스 파일">
      <UniqueIdentifier>{4FC737F1-C7A5-4376-A066-2A32D752A2FF}</UniqueIdentifier>
      <Extensions>cpp;c;cc;cxx;c++;cppm;ixx;def;odl;idl;hpj;bat;asm;asmx</Extensions>
    </Filter>
    <Filter Include="헤더 파일">
      <UniqueIdentifier>{93995380-89BD-4b04-88EB-625FBE52EBFB}</UniqueIdentifier>
      <Extensions>h;hh;hpp;hxx;h++;hm;inl;inc;ipp;xsd</Extensions>
    </Filter>
    <Filter Include="리소스 파일">
      <UniqueIdentifier>{67DA6AB6-F800-4c08-8B7A-83BB121AAD01}</UniqueIdentifier>
      <Extensions>rc;ico;cur;bmp;dlg;rc2;rct;bin;rgs;gif;jpg;jpeg;jpe;resx;tiff;tif;png;wav;mfcribbon-ms</Extensions>
    </Filter>
    <Filter Include="Graphics">
      <UniqueIdentifier>{5d75ecbc-a6e1-4939-95f3-08e68d9e4df3}</UniqueIdentifier>
    </Filter>
    <Filter Include="Keyboard">
      <UniqueIdentifier>{40d7623b-9233-420a-a4d8-3364325aef6e}</UniqueIdentifier>
    </Filter>
    <Filter Include="Mouse">
      <UniqueIdentifier>{4fcd62e2-dc14-44f5-a01a-0e425a006ade}</UniqueIdentifier>
    </Filter>
    <Filter Include="lib">
      <UniqueIdentifier>{9eca8daf-06e9-4a09-adca-3ed8476126d3}</UniqueIdentifier>
    </Filter>
  </ItemGroup>
  <ItemGroup>
    <ClCompile Include="Main.cpp">
      <Filter>소스 파일</Filter>
    </ClCompile>
    <ClCompile Include="ErrorLogger.cpp">
      <Filter>소스 파일</Filter>
    </ClCompile>
    <ClCompile Include="COMException.cpp">
      <Filter>소스 파일</Filter>
    </ClCompile>
    <ClCompile Include="StringHelper.cpp">
      <Filter>소스 파일</Filter>
    </ClCompile>
    <ClCompile Include="Engine.cpp">
      <Filter>소스 파일</Filter>
    </ClCompile>
    <ClCompile Include="WindowContainer.cpp">
      <Filter>소스 파일</Filter>
    </ClCompile>
    <ClCompile Include="RenderWindow.cpp">
      <Filter>소스 파일</Filter>
    </ClCompile>
    <ClCompile Include="Graphics\Graphics.cpp">
      <Filter>Graphics</Filter>
    </ClCompile>
    <ClCompile Include="Graphics\Shaders.cpp">
      <Filter>Graphics</Filter>
    </ClCompile>
    <ClCompile Include="Graphics\Camera.cpp">
      <Filter>Graphics</Filter>
    </ClCompile>
    <ClCompile Include="Graphics\AdapterReader.cpp">
      <Filter>Graphics</Filter>
    </ClCompile>
    <ClCompile Include="Keyboard\KeyboardEvent.cpp">
      <Filter>Keyboard</Filter>
    </ClCompile>
    <ClCompile Include="Keyboard\KeyboardClass.cpp">
      <Filter>Keyboard</Filter>
    </ClCompile>
    <ClCompile Include="Mouse\MouseEvent.cpp">
      <Filter>Mouse</Filter>
    </ClCompile>
    <ClCompile Include="Mouse\MouseClass.cpp">
      <Filter>Mouse</Filter>
    </ClCompile>
  </ItemGroup>
  <ItemGroup>
    <ClInclude Include="ErrorLogger.h">
      <Filter>헤더 파일</Filter>
    </ClInclude>
    <ClInclude Include="COMException.h">
      <Filter>헤더 파일</Filter>
    </ClInclude>
    <ClInclude Include="resource.h">
      <Filter>헤더 파일</Filter>
    </ClInclude>
    <ClInclude Include="StringHelper.h">
      <Filter>헤더 파일</Filter>
    </ClInclude>
    <ClInclude Include="Engine.h">
      <Filter>헤더 파일</Filter>
    </ClInclude>
    <ClInclude Include="WindowContainer.h">
      <Filter>헤더 파일</Filter>
    </ClInclude>
    <ClInclude Include="RenderWindow.h">
      <Filter>헤더 파일</Filter>
    </ClInclude>
    <ClInclude Include="Graphics\AdapterReader.h">
      <Filter>Graphics</Filter>
    </ClInclude>
    <ClInclude Include="Graphics\Camera.h">
      <Filter>Graphics</Filter>
    </ClInclude>
    <ClInclude Include="Graphics\ConstantBuffer.h">
      <Filter>Graphics</Filter>
    </ClInclude>
    <ClInclude Include="Graphics\ConstantBufferTypes.h">
      <Filter>Graphics</Filter>
    </ClInclude>
    <ClInclude Include="Graphics\IndexBuffer.h">
      <Filter>Graphics</Filter>
    </ClInclude>
    <ClInclude Include="Graphics\Graphics.h">
      <Filter>Graphics</Filter>
    </ClInclude>
    <ClInclude Include="Graphics\Shaders.h">
      <Filter>Graphics</Filter>
    </ClInclude>
    <ClInclude Include="Graphics\Vertex.h">
      <Filter>Graphics</Filter>
    </ClInclude>
    <ClInclude Include="Graphics\VertexBuffer.h">
      <Filter>Graphics</Filter>
    </ClInclude>
    <ClInclude Include="Keyboard\KeyboardEvent.h">
      <Filter>Keyboard</Filter>
    </ClInclude>
    <ClInclude Include="Keyboard\KeyboardClass.h">
      <Filter>Keyboard</Filter>
    </ClInclude>
    <ClInclude Include="Mouse\MouseEvent.h">
      <Filter>Mouse</Filter>
    </ClInclude>
    <ClInclude Include="Mouse\MouseClass.h">
      <Filter>Mouse</Filter>
    </ClInclude>
  </ItemGroup>
  <ItemGroup>
    <FxCompile Include="pixelshader.hlsl">
      <Filter>리소스 파일</Filter>
    </FxCompile>
    <FxCompile Include="vertexshader.hlsl">
      <Filter>리소스 파일</Filter>
    </FxCompile>
  </ItemGroup>
  <ItemGroup>
    <Library Include="Libs\x64\Debug\DirectXTK.lib">
      <Filter>lib</Filter>
    </Library>
    <Library Include="Libs\x64\Release\DirectXTK.lib">
      <Filter>lib</Filter>
    </Library>
    <Library Include="Libs\x86\Debug\DirectXTK.lib">
      <Filter>lib</Filter>
    </Library>
    <Library Include="Libs\x86\Release\DirectXTK.lib">
      <Filter>lib</Filter>
    </Library>
  </ItemGroup>
</Project>